version = 1
revision = 2
requires-python = ">=3.9"
resolution-markers = [
    "python_full_version >= '3.10'",
    "python_full_version < '3.10'",
]

[[package]]
name = "everything-search"
version = "1.0.0"
source = { editable = "." }
dependencies = [
    { name = "pyside6" },
    { name = "watchdog" },
]

[package.metadata]
requires-dist = [
    { name = "pyside6", specifier = ">=6.5.0" },
    { name = "watchdog", specifier = ">=6.0.0" },
]
provides-extras = ["dev"]

[[package]]
name = "pyside6"
version = "6.9.1"
source = { registry = "https://pypi.org/simple" }
dependencies = [
    { name = "pyside6-addons" },
    { name = "pyside6-essentials" },
    { name = "shiboken6" },
]
wheels = [
    { url = "https://files.pythonhosted.org/packages/14/91/8e9c7f7e90431297de9856e90a156ade9420977e26d87996909c63f30bd2/PySide6-6.9.1-cp39-abi3-macosx_12_0_universal2.whl", hash = "sha256:f843ef39970a2f79757810fffd7b8e93ac42a3de9ea62f2a03648cde57648aed", size = 558097, upload-time = "2025-06-03T13:20:03.739Z" },
    { url = "https://files.pythonhosted.org/packages/d7/ff/04d1b6b30edd24d761cc30d964860f997bdf37d06620694bf9aab35eec3a/PySide6-6.9.1-cp39-abi3-manylinux_2_28_x86_64.whl", hash = "sha256:db44ac08b8f7ac1b421bc1c6a44200d03f08d80dc7b3f68dfdb1684f30f41c17", size = 558239, upload-time = "2025-06-03T13:20:06.205Z" },
    { url = "https://files.pythonhosted.org/packages/3c/b4/ca076c55c11a8e473363e05aa82c5c03dd7ba8f17b77cc9311ce17213193/PySide6-6.9.1-cp39-abi3-manylinux_2_39_aarch64.whl", hash = "sha256:531a6e67c429b045674d57fe9864b711eb59e4cded753c2640982e368fd468d1", size = 558239, upload-time = "2025-06-03T13:20:08.257Z" },
    { url = "https://files.pythonhosted.org/packages/83/ff/95c941f53b0faebc27dbe361d8e971b77f504b9cf36f8f5d750fd82cd6fc/PySide6-6.9.1-cp39-abi3-win_amd64.whl", hash = "sha256:c82dbb7d32bbdd465e01059174f71bddc97de152ab71bded3f1907c40f9a5f16", size = 564571, upload-time = "2025-06-03T13:20:10.321Z" },
    { url = "https://files.pythonhosted.org/packages/d1/ef/0aa5e910fa4e9770db6b45c23e360a52313922e0ca71fc060a57db613de1/PySide6-6.9.1-cp39-abi3-win_arm64.whl", hash = "sha256:1525d63dc6dc425b8c2dc5bc01a8cb1d67530401449f3a3490c09a14c095b9f9", size = 401793, upload-time = "2025-06-03T13:20:12.108Z" },
]

[[package]]
name = "pyside6-addons"
version = "6.9.1"
source = { registry = "https://pypi.org/simple" }
dependencies = [
    { name = "pyside6-essentials" },
    { name = "shiboken6" },
]
wheels = [
    { url = "https://files.pythonhosted.org/packages/e7/e2/39b9e04335d7ac782b6459bf7abec90c36b8efaac5a88ef818e972c59387/PySide6_Addons-6.9.1-cp39-abi3-macosx_12_0_universal2.whl", hash = "sha256:7be0708fa89715c282541fca47e2ba97c0c8d2886e0236ef994b2dd8f52aacdd", size = 316212438, upload-time = "2025-06-03T13:06:15.027Z" },
    { url = "https://files.pythonhosted.org/packages/cf/6f/691d7039a6f7943522a770b713ecd85fa169688dfdd65ddd4db1699d01b6/PySide6_Addons-6.9.1-cp39-abi3-manylinux_2_28_x86_64.whl", hash = "sha256:da7869b02e3599d26546fad582db4656060786bc5ec8ece5ec9ee8aa8b42371c", size = 166690468, upload-time = "2025-06-03T13:06:34.962Z" },
    { url = "https://files.pythonhosted.org/packages/9d/08/a264db09ad35819643d910cd4c73a86f72f23b7092f8ebc7e51dcca53a86/PySide6_Addons-6.9.1-cp39-abi3-manylinux_2_39_aarch64.whl", hash = "sha256:53fd08c8152b6ba8c435458afd189835ba905793a5077a2bb0b1b11222b375d4", size = 162466096, upload-time = "2025-06-03T13:08:58.065Z" },
    { url = "https://files.pythonhosted.org/packages/84/be/a849402f7e73d137b5ae8b4370a49b0cf0e0c02f028b845782cb743e4995/PySide6_Addons-6.9.1-cp39-abi3-win_amd64.whl", hash = "sha256:cd93a3a5e3886cd958f3a5acc7c061c24f10a394ce9f4ce657ac394544ca7ec2", size = 143150906, upload-time = "2025-06-03T13:09:12.762Z" },
    { url = "https://files.pythonhosted.org/packages/2a/f1/1bb6b5859aff4e2b3f5ef789b9cee200811a9f469f04d9aa7425e816622b/PySide6_Addons-6.9.1-cp39-abi3-win_arm64.whl", hash = "sha256:4f589631bdceb518080ae9c9fa288e64f092cd5bebe25adc8ad89e8eadd4db29", size = 26938762, upload-time = "2025-06-03T13:09:20.009Z" },
]

[[package]]
name = "pyside6-essentials"
version = "6.9.1"
source = { registry = "https://pypi.org/simple" }
dependencies = [
    { name = "shiboken6" },
]
wheels = [
    { url = "https://files.pythonhosted.org/packages/8a/59/714874db9ef3bbbbda654fd3223248969bea02ec1a5bfdd1c941c4e97749/PySide6_Essentials-6.9.1-cp39-abi3-macosx_12_0_universal2.whl", hash = "sha256:ed43435a70e018e1c22efcaf34a9430b83cfcad716dba661b03de21c13322fab", size = 132957077, upload-time = "2025-06-03T13:11:52.629Z" },
    { url = "https://files.pythonhosted.org/packages/59/6a/ea0db68d40a1c487fd255634896f4e37b6560e3ef1f57ca5139bf6509b1f/PySide6_Essentials-6.9.1-cp39-abi3-manylinux_2_28_x86_64.whl", hash = "sha256:e5da48883f006c6206ef85874db74ddebcdf69b0281bd4f1642b1c5ac1d54aea", size = 96416183, upload-time = "2025-06-03T13:12:48.945Z" },
    { url = "https://files.pythonhosted.org/packages/5b/2f/4243630d1733522638c4967d36018c38719d8b84f5246bf3d4c010e0aa9d/PySide6_Essentials-6.9.1-cp39-abi3-manylinux_2_39_aarch64.whl", hash = "sha256:e46a2801c9c6098025515fd0af6c594b9e9c951842f68b8f6f3da9858b9b26c2", size = 94171343, upload-time = "2025-06-03T13:12:59.426Z" },
    { url = "https://files.pythonhosted.org/packages/0d/a9/a8e0209ba9116f2c2db990cfb79f2edbd5a3a428013be2df1f1cddd660a9/PySide6_Essentials-6.9.1-cp39-abi3-win_amd64.whl", hash = "sha256:ad1ac94011492dba33051bc33db1c76a7d6f815a81c01422cb6220273b369145", size = 72435676, upload-time = "2025-06-03T13:13:08.805Z" },
    { url = "https://files.pythonhosted.org/packages/d0/e4/23268c57e775a1a4d2843d288a9583a47f2e4b3977a9ae93cb9ded1a4ea5/PySide6_Essentials-6.9.1-cp39-abi3-win_arm64.whl", hash = "sha256:35c2c2bb4a88db74d11e638cf917524ff35785883f10b439ead07960a5733aa4", size = 49483707, upload-time = "2025-06-03T13:13:16.399Z" },
]

[[package]]
name = "shiboken6"
version = "6.9.1"
source = { registry = "https://pypi.org/simple" }
wheels = [
    { url = "https://files.pythonhosted.org/packages/98/98/34d4d25b79055959b171420d47fcc10121aefcbb261c91d5491252830e31/shiboken6-6.9.1-cp39-abi3-macosx_12_0_universal2.whl", hash = "sha256:40e92afc88da06b5100c56b761e59837ff282166e9531268f3d910b6128e621e", size = 406159, upload-time = "2025-06-03T13:16:45.104Z" },
    { url = "https://files.pythonhosted.org/packages/5a/07/53b2532ecd42ff925feb06b7bb16917f5f99f9c3470f0815c256789d818b/shiboken6-6.9.1-cp39-abi3-manylinux_2_28_x86_64.whl", hash = "sha256:efcdfa8655d34aaf8d7a0c7724def3440bd46db02f5ad3b1785db5f6ccb0a8ff", size = 206756, upload-time = "2025-06-03T13:16:46.528Z" },
    { url = "https://files.pythonhosted.org/packages/5e/b0/75b86ee3f7b044e6a87fbe7abefd1948ca4ae5fcde8321f4986a1d9eaa5e/shiboken6-6.9.1-cp39-abi3-manylinux_2_39_aarch64.whl", hash = "sha256:efcf75d48a29ae072d0bf54b3cd5a59ae91bb6b3ab7459e17c769355486c2e0b", size = 203233, upload-time = "2025-06-03T13:16:48.264Z" },
    { url = "https://files.pythonhosted.org/packages/30/56/00af281275aab4c79e22e0ea65feede0a5c6da3b84e86b21a4a0071e0744/shiboken6-6.9.1-cp39-abi3-win_amd64.whl", hash = "sha256:209ccf02c135bd70321143dcbc5023ae0c056aa4850a845955dd2f9b2ff280a9", size = 1153587, upload-time = "2025-06-03T13:16:50.454Z" },
    { url = "https://files.pythonhosted.org/packages/de/ce/6ccd382fbe1a96926c5514afa6f2c42da3a9a8482e61f8dfc6068a9ca64f/shiboken6-6.9.1-cp39-abi3-win_arm64.whl", hash = "sha256:2a39997ce275ced7853defc89d3a1f19a11c90991ac6eef3435a69bb0b7ff1de", size = 1831623, upload-time = "2025-06-03T13:16:52.468Z" },
]

[[package]]
name = "watchdog"
version = "6.0.0"
source = { registry = "https://pypi.org/simple" }
sdist = { url = "https://files.pythonhosted.org/packages/db/7d/7f3d619e951c88ed75c6037b246ddcf2d322812ee8ea189be89511721d54/watchdog-6.0.0.tar.gz", hash = "sha256:9ddf7c82fda3ae8e24decda1338ede66e1c99883db93711d8fb941eaa2d8c282", size = 131220, upload-time = "2024-11-01T14:07:13.037Z" }
wheels = [
    { url = "https://files.pythonhosted.org/packages/0c/56/90994d789c61df619bfc5ce2ecdabd5eeff564e1eb47512bd01b5e019569/watchdog-6.0.0-cp310-cp310-macosx_10_9_universal2.whl", hash = "sha256:d1cdb490583ebd691c012b3d6dae011000fe42edb7a82ece80965b42abd61f26", size = 96390, upload-time = "2024-11-01T14:06:24.793Z" },
    { url = "https://files.pythonhosted.org/packages/55/46/9a67ee697342ddf3c6daa97e3a587a56d6c4052f881ed926a849fcf7371c/watchdog-6.0.0-cp310-cp310-macosx_10_9_x86_64.whl", hash = "sha256:bc64ab3bdb6a04d69d4023b29422170b74681784ffb9463ed4870cf2f3e66112", size = 88389, upload-time = "2024-11-01T14:06:27.112Z" },
    { url = "https://files.pythonhosted.org/packages/44/65/91b0985747c52064d8701e1075eb96f8c40a79df889e59a399453adfb882/watchdog-6.0.0-cp310-cp310-macosx_11_0_arm64.whl", hash = "sha256:c897ac1b55c5a1461e16dae288d22bb2e412ba9807df8397a635d88f671d36c3", size = 89020, upload-time = "2024-11-01T14:06:29.876Z" },
    { url = "https://files.pythonhosted.org/packages/e0/24/d9be5cd6642a6aa68352ded4b4b10fb0d7889cb7f45814fb92cecd35f101/watchdog-6.0.0-cp311-cp311-macosx_10_9_universal2.whl", hash = "sha256:6eb11feb5a0d452ee41f824e271ca311a09e250441c262ca2fd7ebcf2461a06c", size = 96393, upload-time = "2024-11-01T14:06:31.756Z" },
    { url = "https://files.pythonhosted.org/packages/63/7a/6013b0d8dbc56adca7fdd4f0beed381c59f6752341b12fa0886fa7afc78b/watchdog-6.0.0-cp311-cp311-macosx_10_9_x86_64.whl", hash = "sha256:ef810fbf7b781a5a593894e4f439773830bdecb885e6880d957d5b9382a960d2", size = 88392, upload-time = "2024-11-01T14:06:32.99Z" },
    { url = "https://files.pythonhosted.org/packages/d1/40/b75381494851556de56281e053700e46bff5b37bf4c7267e858640af5a7f/watchdog-6.0.0-cp311-cp311-macosx_11_0_arm64.whl", hash = "sha256:afd0fe1b2270917c5e23c2a65ce50c2a4abb63daafb0d419fde368e272a76b7c", size = 89019, upload-time = "2024-11-01T14:06:34.963Z" },
    { url = "https://files.pythonhosted.org/packages/39/ea/3930d07dafc9e286ed356a679aa02d777c06e9bfd1164fa7c19c288a5483/watchdog-6.0.0-cp312-cp312-macosx_10_13_universal2.whl", hash = "sha256:bdd4e6f14b8b18c334febb9c4425a878a2ac20efd1e0b231978e7b150f92a948", size = 96471, upload-time = "2024-11-01T14:06:37.745Z" },
    { url = "https://files.pythonhosted.org/packages/12/87/48361531f70b1f87928b045df868a9fd4e253d9ae087fa4cf3f7113be363/watchdog-6.0.0-cp312-cp312-macosx_10_13_x86_64.whl", hash = "sha256:c7c15dda13c4eb00d6fb6fc508b3c0ed88b9d5d374056b239c4ad1611125c860", size = 88449, upload-time = "2024-11-01T14:06:39.748Z" },
    { url = "https://files.pythonhosted.org/packages/5b/7e/8f322f5e600812e6f9a31b75d242631068ca8f4ef0582dd3ae6e72daecc8/watchdog-6.0.0-cp312-cp312-macosx_11_0_arm64.whl", hash = "sha256:6f10cb2d5902447c7d0da897e2c6768bca89174d0c6e1e30abec5421af97a5b0", size = 89054, upload-time = "2024-11-01T14:06:41.009Z" },
    { url = "https://files.pythonhosted.org/packages/68/98/b0345cabdce2041a01293ba483333582891a3bd5769b08eceb0d406056ef/watchdog-6.0.0-cp313-cp313-macosx_10_13_universal2.whl", hash = "sha256:490ab2ef84f11129844c23fb14ecf30ef3d8a6abafd3754a6f75ca1e6654136c", size = 96480, upload-time = "2024-11-01T14:06:42.952Z" },
    { url = "https://files.pythonhosted.org/packages/85/83/cdf13902c626b28eedef7ec4f10745c52aad8a8fe7eb04ed7b1f111ca20e/watchdog-6.0.0-cp313-cp313-macosx_10_13_x86_64.whl", hash = "sha256:76aae96b00ae814b181bb25b1b98076d5fc84e8a53cd8885a318b42b6d3a5134", size = 88451, upload-time = "2024-11-01T14:06:45.084Z" },
    { url = "https://files.pythonhosted.org/packages/fe/c4/225c87bae08c8b9ec99030cd48ae9c4eca050a59bf5c2255853e18c87b50/watchdog-6.0.0-cp313-cp313-macosx_11_0_arm64.whl", hash = "sha256:a175f755fc2279e0b7312c0035d52e27211a5bc39719dd529625b1930917345b", size = 89057, upload-time = "2024-11-01T14:06:47.324Z" },
    { url = "https://files.pythonhosted.org/packages/05/52/7223011bb760fce8ddc53416beb65b83a3ea6d7d13738dde75eeb2c89679/watchdog-6.0.0-cp39-cp39-macosx_10_9_universal2.whl", hash = "sha256:e6f0e77c9417e7cd62af82529b10563db3423625c5fce018430b249bf977f9e8", size = 96390, upload-time = "2024-11-01T14:06:49.325Z" },
    { url = "https://files.pythonhosted.org/packages/9c/62/d2b21bc4e706d3a9d467561f487c2938cbd881c69f3808c43ac1ec242391/watchdog-6.0.0-cp39-cp39-macosx_10_9_x86_64.whl", hash = "sha256:90c8e78f3b94014f7aaae121e6b909674df5b46ec24d6bebc45c44c56729af2a", size = 88386, upload-time = "2024-11-01T14:06:50.536Z" },
    { url = "https://files.pythonhosted.org/packages/ea/22/1c90b20eda9f4132e4603a26296108728a8bfe9584b006bd05dd94548853/watchdog-6.0.0-cp39-cp39-macosx_11_0_arm64.whl", hash = "sha256:e7631a77ffb1f7d2eefa4445ebbee491c720a5661ddf6df3498ebecae5ed375c", size = 89017, upload-time = "2024-11-01T14:06:51.717Z" },
    { url = "https://files.pythonhosted.org/packages/30/ad/d17b5d42e28a8b91f8ed01cb949da092827afb9995d4559fd448d0472763/watchdog-6.0.0-pp310-pypy310_pp73-macosx_10_15_x86_64.whl", hash = "sha256:c7ac31a19f4545dd92fc25d200694098f42c9a8e391bc00bdd362c5736dbf881", size = 87902, upload-time = "2024-11-01T14:06:53.119Z" },
    { url = "https://files.pythonhosted.org/packages/5c/ca/c3649991d140ff6ab67bfc85ab42b165ead119c9e12211e08089d763ece5/watchdog-6.0.0-pp310-pypy310_pp73-macosx_11_0_arm64.whl", hash = "sha256:9513f27a1a582d9808cf21a07dae516f0fab1cf2d7683a742c498b93eedabb11", size = 88380, upload-time = "2024-11-01T14:06:55.19Z" },
    { url = "https://files.pythonhosted.org/packages/5b/79/69f2b0e8d3f2afd462029031baafb1b75d11bb62703f0e1022b2e54d49ee/watchdog-6.0.0-pp39-pypy39_pp73-macosx_10_15_x86_64.whl", hash = "sha256:7a0e56874cfbc4b9b05c60c8a1926fedf56324bb08cfbc188969777940aef3aa", size = 87903, upload-time = "2024-11-01T14:06:57.052Z" },
    { url = "https://files.pythonhosted.org/packages/e2/2b/dc048dd71c2e5f0f7ebc04dd7912981ec45793a03c0dc462438e0591ba5d/watchdog-6.0.0-pp39-pypy39_pp73-macosx_11_0_arm64.whl", hash = "sha256:e6439e374fc012255b4ec786ae3c4bc838cd7309a540e5fe0952d03687d8804e", size = 88381, upload-time = "2024-11-01T14:06:58.193Z" },
    { url = "https://files.pythonhosted.org/packages/a9/c7/ca4bf3e518cb57a686b2feb4f55a1892fd9a3dd13f470fca14e00f80ea36/watchdog-6.0.0-py3-none-manylinux2014_aarch64.whl", hash = "sha256:7607498efa04a3542ae3e05e64da8202e58159aa1fa4acddf7678d34a35d4f13", size = 79079, upload-time = "2024-11-01T14:06:59.472Z" },
    { url = "https://files.pythonhosted.org/packages/5c/51/d46dc9332f9a647593c947b4b88e2381c8dfc0942d15b8edc0310fa4abb1/watchdog-6.0.0-py3-none-manylinux2014_armv7l.whl", hash = "sha256:9041567ee8953024c83343288ccc458fd0a2d811d6a0fd68c4c22609e3490379", size = 79078, upload-time = "2024-11-01T14:07:01.431Z" },
    { url = "https://files.pythonhosted.org/packages/d4/57/04edbf5e169cd318d5f07b4766fee38e825d64b6913ca157ca32d1a42267/watchdog-6.0.0-py3-none-manylinux2014_i686.whl", hash = "sha256:82dc3e3143c7e38ec49d61af98d6558288c415eac98486a5c581726e0737c00e", size = 79076, upload-time = "2024-11-01T14:07:02.568Z" },
    { url = "https://files.pythonhosted.org/packages/ab/cc/da8422b300e13cb187d2203f20b9253e91058aaf7db65b74142013478e66/watchdog-6.0.0-py3-none-manylinux2014_ppc64.whl", hash = "sha256:212ac9b8bf1161dc91bd09c048048a95ca3a4c4f5e5d4a7d1b1a7d5752a7f96f", size = 79077, upload-time = "2024-11-01T14:07:03.893Z" },
    { url = "https://files.pythonhosted.org/packages/2c/3b/b8964e04ae1a025c44ba8e4291f86e97fac443bca31de8bd98d3263d2fcf/watchdog-6.0.0-py3-none-manylinux2014_ppc64le.whl", hash = "sha256:e3df4cbb9a450c6d49318f6d14f4bbc80d763fa587ba46ec86f99f9e6876bb26", size = 79078, upload-time = "2024-11-01T14:07:05.189Z" },
    { url = "https://files.pythonhosted.org/packages/62/ae/a696eb424bedff7407801c257d4b1afda455fe40821a2be430e173660e81/watchdog-6.0.0-py3-none-manylinux2014_s390x.whl", hash = "sha256:2cce7cfc2008eb51feb6aab51251fd79b85d9894e98ba847408f662b3395ca3c", size = 79077, upload-time = "2024-11-01T14:07:06.376Z" },
    { url = "https://files.pythonhosted.org/packages/b5/e8/dbf020b4d98251a9860752a094d09a65e1b436ad181faf929983f697048f/watchdog-6.0.0-py3-none-manylinux2014_x86_64.whl", hash = "sha256:20ffe5b202af80ab4266dcd3e91aae72bf2da48c0d33bdb15c66658e685e94e2", size = 79078, upload-time = "2024-11-01T14:07:07.547Z" },
    { url = "https://files.pythonhosted.org/packages/07/f6/d0e5b343768e8bcb4cda79f0f2f55051bf26177ecd5651f84c07567461cf/watchdog-6.0.0-py3-none-win32.whl", hash = "sha256:07df1fdd701c5d4c8e55ef6cf55b8f0120fe1aef7ef39a1c6fc6bc2e606d517a", size = 79065, upload-time = "2024-11-01T14:07:09.525Z" },
    { url = "https://files.pythonhosted.org/packages/db/d9/c495884c6e548fce18a8f40568ff120bc3a4b7b99813081c8ac0c936fa64/watchdog-6.0.0-py3-none-win_amd64.whl", hash = "sha256:cbafb470cf848d93b5d013e2ecb245d4aa1c8fd0504e863ccefa32445359d680", size = 79070, upload-time = "2024-11-01T14:07:10.686Z" },
    { url = "https://files.pythonhosted.org/packages/33/e8/e40370e6d74ddba47f002a32919d91310d6074130fe4e17dabcafc15cbf1/watchdog-6.0.0-py3-none-win_ia64.whl", hash = "sha256:a1914259fa9e1454315171103c6a30961236f508b9b623eae470268bbcc6a22f", size = 79067, upload-time = "2024-11-01T14:07:11.845Z" },
]
