version = 1
revision = 1
requires-python = ">=3.10"

[[package]]
name = "ntstatus"
version = "2.0"
source = { registry = "https://pypi.org/simple" }
sdist = { url = "https://files.pythonhosted.org/packages/d1/5d/e1caf3dc856bf17421707d43db640b25c51547a045966d08460feb4eab32/ntstatus-2.0.tar.gz", hash = "sha256:b5956961d3e723ed2e429b1817d74ab925ef9eea523089a5dbcc59e3185e7c3d", size = 263733 }
wheels = [
    { url = "https://files.pythonhosted.org/packages/18/39/b9608ead33d92d4ec7f8148744160c736efe625d18ff5f8d72068e79e93d/ntstatus-2.0-py3-none-any.whl", hash = "sha256:df4cecb8f6a4052ea01871f36c5445fb2e945e6ceee72c6369c1669e06de47d1", size = 260611 },
]

[[package]]
name = "tempdrive"
version = "1.0"
source = { editable = "." }
dependencies = [
    { name = "ntstatus" },
]

[package.metadata]
requires-dist = [{ name = "ntstatus", specifier = ">=2.0,<3" }]
