{
    "_meta": {
        "hash": {
            "sha256": "d80ee56df31052ad4c643e0ab201a0c70103fcfa757c271443b4d1c90fc3d267"
        },
        "pipfile-spec": 6,
        "requires": {
            "python_version": "3.12"
        },
        "sources": [
            {
                "name": "pip_conf_index_global",
                "url": "https://${ARTIFACTORY_USER}:${ARTIFACTORY_PASSWORD}@artifactory.globaldevtools.bbva.com/artifactory/api/pypi/gl-ai-genai-python-virtual/simple",
                "verify_ssl": true
            }
        ]
    },
    "default": {},
    "develop": {}
}
