version = 1
revision = 1
requires-python = ">=3.10"

[[package]]
name = "more-itertools"
version = "10.7.0"
source = { registry = "https://pypi.org/simple" }
sdist = { url = "https://files.pythonhosted.org/packages/ce/a0/834b0cebabbfc7e311f30b46c8188790a37f89fc8d756660346fe5abfd09/more_itertools-10.7.0.tar.gz", hash = "sha256:9fddd5403be01a94b204faadcff459ec3568cf110265d3c54323e1e866ad29d3", size = 127671 }
wheels = [
    { url = "https://files.pythonhosted.org/packages/2b/9f/7ba6f94fc1e9ac3d2b853fdff3035fb2fa5afbed898c4a72b8a020610594/more_itertools-10.7.0-py3-none-any.whl", hash = "sha256:d43980384673cb07d2f7d2d918c616b30c659c089ee23953f601d6609c67510e", size = 65278 },
]

[[package]]
name = "pathext"
version = "1.4"
source = { editable = "." }
dependencies = [
    { name = "more-itertools" },
]

[package.metadata]
requires-dist = [{ name = "more-itertools", specifier = ">=10.7.0,<11" }]
