version = 1
revision = 1
requires-python = ">=3.10"

[[package]]
name = "comtypes"
version = "1.4.11"
source = { registry = "https://pypi.org/simple" }
sdist = { url = "https://files.pythonhosted.org/packages/3c/b9/4431119a640f568190499fd76fac4b4ccb5695659c4b3aac570329c150ea/comtypes-1.4.11.zip", hash = "sha256:0a4259370ec48b685fe4483b0944ba1df0aa45163922073fe9b7df1d187db09e", size = 272448 }
wheels = [
    { url = "https://files.pythonhosted.org/packages/f1/f4/7b7fdbb613992013c4518a0bf8fee2915f79ec07bcfa6180569bca7fa8ef/comtypes-1.4.11-py3-none-any.whl", hash = "sha256:1760d5059ca7ca1d61b574c998378d879c271a86c41f88926619ea97497592bb", size = 246365 },
]

[[package]]
name = "mslex"
version = "1.3.0"
source = { registry = "https://pypi.org/simple" }
sdist = { url = "https://files.pythonhosted.org/packages/e0/97/7022667073c99a0fe028f2e34b9bf76b49a611afd21b02527fbfd92d4cd5/mslex-1.3.0.tar.gz", hash = "sha256:641c887d1d3db610eee2af37a8e5abda3f70b3006cdfd2d0d29dc0d1ae28a85d", size = 11583 }
wheels = [
    { url = "https://files.pythonhosted.org/packages/64/f2/66bd65ca0139675a0d7b18f0bada6e12b51a984e41a76dbe44761bf1b3ee/mslex-1.3.0-py3-none-any.whl", hash = "sha256:c7074b347201b3466fc077c5692fbce9b5f62a63a51f537a53fbbd02eff2eea4", size = 7820 },
]

[[package]]
name = "ntstatus"
version = "2.0"
source = { registry = "https://pypi.org/simple" }
sdist = { url = "https://files.pythonhosted.org/packages/d1/5d/e1caf3dc856bf17421707d43db640b25c51547a045966d08460feb4eab32/ntstatus-2.0.tar.gz", hash = "sha256:b5956961d3e723ed2e429b1817d74ab925ef9eea523089a5dbcc59e3185e7c3d", size = 263733 }
wheels = [
    { url = "https://files.pythonhosted.org/packages/18/39/b9608ead33d92d4ec7f8148744160c736efe625d18ff5f8d72068e79e93d/ntstatus-2.0-py3-none-any.whl", hash = "sha256:df4cecb8f6a4052ea01871f36c5445fb2e945e6ceee72c6369c1669e06de47d1", size = 260611 },
]

[[package]]
name = "win-shortcut"
version = "1.2"
source = { editable = "." }
dependencies = [
    { name = "comtypes" },
    { name = "mslex" },
    { name = "ntstatus" },
]

[package.metadata]
requires-dist = [
    { name = "comtypes", specifier = ">=1.4.11,<2" },
    { name = "mslex", specifier = ">=1.3,<2" },
    { name = "ntstatus", specifier = ">=2.0,<3" },
]
